{
  "name": "@jayhack/agent-secrets",
  "version": "0.1.0",
  "lockfileVersion": 3,
  "requires": true,
  "packages": {
    "": {
      "name": "@jayhack/agent-secrets",
      "version": "0.1.0",
      "license": "MIT",
      "bin": {
        "agent-secrets": "bin/agent-secrets.js"
      },
      "engines": {
        "node": ">=18.17"
      }
    }
  }
}
