{
  "name": "agent-secret-manager",
  "version": "0.1.3",
  "lockfileVersion": 3,
  "requires": true,
  "packages": {
    "": {
      "name": "agent-secret-manager",
      "version": "0.1.3",
      "license": "MIT",
      "bin": {
        "agent-secret-manager": "bin/agent-secret-manager.js"
      },
      "engines": {
        "node": ">=18.17"
      }
    }
  }
}
